{
  "name": "ajs-3-1new",
  "version": "1.0.0",
  "lockfileVersion": 2,
  "requires": true,
  "packages": {
    "": {
      "name": "ajs-3-1new",
      "version": "1.0.0",
      "license": "ISC",
      "dependencies": {
        "@lupotek/ajs-3-1": "^1.0.0"
      }
    },
    "node_modules/@lupotek/ajs-3-1": {
      "version": "1.0.0",
      "resolved": "https://npm.pkg.github.com/download/@lupotek/ajs-3-1/1.0.0/f3ebd09b29e55206ef1b618610e5e5b96d71f25e3fffa908b9a943dc6510bbcf",
      "integrity": "sha512-2Ic9W2XOAaGsYTJCo+EE5EGVwTz9Me60pmfB+1yJumkPOySw/CjlZW+XdPwYIXO9Zio5+qxByFyl4lrpcT5CSQ==",
      "license": "ISC"
    }
  },
  "dependencies": {
    "@lupotek/ajs-3-1": {
      "version": "1.0.0",
      "resolved": "https://npm.pkg.github.com/download/@lupotek/ajs-3-1/1.0.0/f3ebd09b29e55206ef1b618610e5e5b96d71f25e3fffa908b9a943dc6510bbcf",
      "integrity": "sha512-2Ic9W2XOAaGsYTJCo+EE5EGVwTz9Me60pmfB+1yJumkPOySw/CjlZW+XdPwYIXO9Zio5+qxByFyl4lrpcT5CSQ=="
    }
  }
}
